
Microsoft Visual Studio Solution File, Format Version 12.00
# Visual Studio Version 17
VisualStudioVersion = 17.14.36623.8 d17.14
MinimumVisualStudioVersion = 10.0.40219.1
Project("{2150E333-8FDC-42A3-9474-1A3956D46DE8}") = "Services", "Services", "{02EA681E-C7D8-13C7-8484-4AC65E1B71E8}"
EndProject
Project("{2150E333-8FDC-42A3-9474-1A3956D46DE8}") = "Catalog", "Catalog", "{D233DEDB-0DB1-452B-B0D5-805C49876D05}"
EndProject
Project("{FAE04EC0-301F-11D3-BF4B-00C04F79EFBC}") = "MultiShop.Catalog", "Services\Catalog\MultiShop.Catalog\MultiShop.Catalog.csproj", "{6BB8F7F2-96F7-4E5D-AF6C-1CACEFD5CCF4}"
EndProject
Global
	GlobalSection(SolutionConfigurationPlatforms) = preSolution
		Debug|Any CPU = Debug|Any CPU
		Release|Any CPU = Release|Any CPU
	EndGlobalSection
	GlobalSection(ProjectConfigurationPlatforms) = postSolution
		{6BB8F7F2-96F7-4E5D-AF6C-1CACEFD5CCF4}.Debug|Any CPU.ActiveCfg = Debug|Any CPU
		{6BB8F7F2-96F7-4E5D-AF6C-1CACEFD5CCF4}.Debug|Any CPU.Build.0 = Debug|Any CPU
		{6BB8F7F2-96F7-4E5D-AF6C-1CACEFD5CCF4}.Release|Any CPU.ActiveCfg = Release|Any CPU
		{6BB8F7F2-96F7-4E5D-AF6C-1CACEFD5CCF4}.Release|Any CPU.Build.0 = Release|Any CPU
	EndGlobalSection
	GlobalSection(SolutionProperties) = preSolution
		HideSolutionNode = FALSE
	EndGlobalSection
	GlobalSection(NestedProjects) = preSolution
		{D233DEDB-0DB1-452B-B0D5-805C49876D05} = {02EA681E-C7D8-13C7-8484-4AC65E1B71E8}
		{6BB8F7F2-96F7-4E5D-AF6C-1CACEFD5CCF4} = {D233DEDB-0DB1-452B-B0D5-805C49876D05}
	EndGlobalSection
	GlobalSection(ExtensibilityGlobals) = postSolution
		SolutionGuid = {E0BBDFA8-F44E-4814-B7FE-7CFECA9B0E02}
	EndGlobalSection
EndGlobal
