
Microsoft Visual Studio Solution File, Format Version 12.00
# Visual Studio Version 17
VisualStudioVersion = 17.14.36623.8
MinimumVisualStudioVersion = 10.0.40219.1
Project("{2150E333-8FDC-42A3-9474-1A3956D46DE8}") = "Services", "Services", "{02EA681E-C7D8-13C7-8484-4AC65E1B71E8}"
EndProject
Project("{2150E333-8FDC-42A3-9474-1A3956D46DE8}") = "Catalog", "Catalog", "{D233DEDB-0DB1-452B-B0D5-805C49876D05}"
EndProject
Project("{FAE04EC0-301F-11D3-BF4B-00C04F79EFBC}") = "MultiShop.Catalog", "Services\Catalog\MultiShop.Catalog\MultiShop.Catalog.csproj", "{6BB8F7F2-96F7-4E5D-AF6C-1CACEFD5CCF4}"
EndProject
Project("{2150E333-8FDC-42A3-9474-1A3956D46DE8}") = "Discount", "Discount", "{E6E55E2A-864A-4DD6-9C56-CCC34B2A77A5}"
EndProject
Project("{FAE04EC0-301F-11D3-BF4B-00C04F79EFBC}") = "MultiShop.Discount", "Services\Discount\MultiShop.Discount\MultiShop.Discount.csproj", "{B69AE378-979B-465E-AC92-6009B3DFEF50}"
EndProject
Project("{2150E333-8FDC-42A3-9474-1A3956D46DE8}") = "Order", "Order", "{2F29B31B-8575-48CC-8D89-94ACC53018BB}"
EndProject
Project("{2150E333-8FDC-42A3-9474-1A3956D46DE8}") = "Core", "Core", "{FAA76852-75F6-4AF2-93BC-16A52C53884B}"
EndProject
Project("{2150E333-8FDC-42A3-9474-1A3956D46DE8}") = "Infrastructure", "Infrastructure", "{9E2B83AF-5EFB-4AD4-B969-5B1A94581514}"
EndProject
Project("{2150E333-8FDC-42A3-9474-1A3956D46DE8}") = "Presentation", "Presentation", "{F0095B21-8908-4B3B-8FA2-4EB074C10B5D}"
EndProject
Project("{FAE04EC0-301F-11D3-BF4B-00C04F79EFBC}") = "MultiShop.Order.Domain", "Services\Order\Core\MultiShop.Order.Domain\MultiShop.Order.Domain.csproj", "{EC658DB1-9414-416A-86A5-BAAEB5AC92A9}"
EndProject
Project("{FAE04EC0-301F-11D3-BF4B-00C04F79EFBC}") = "MultiShop.Order.Application", "Services\Order\Core\MultiShop.Order.Application\MultiShop.Order.Application.csproj", "{6009509D-5C3E-480D-9DD1-825DC7BCDF02}"
EndProject
Project("{FAE04EC0-301F-11D3-BF4B-00C04F79EFBC}") = "MultiShop.Order.Persistence", "Services\Order\Infrastructure\MultiShop.Order.Persistence\MultiShop.Order.Persistence.csproj", "{1A334BCF-DB5C-48B1-9B6E-20309D1831CD}"
EndProject
Project("{FAE04EC0-301F-11D3-BF4B-00C04F79EFBC}") = "MultiShop.Order.WebApi", "Services\Order\Presentation\MultiShop.Order.WebApi\MultiShop.Order.WebApi.csproj", "{9CB353AB-3C70-43BE-8E81-66146F4F8B3A}"
EndProject
Project("{2150E333-8FDC-42A3-9474-1A3956D46DE8}") = "IdentityServer", "IdentityServer", "{5F9C308C-6A2C-46B2-80E0-872C37C712D8}"
EndProject
Project("{FAE04EC0-301F-11D3-BF4B-00C04F79EFBC}") = "MultiShop.IdentityServer", "IdentityServer\MultiShop.IdentityServer\MultiShop.IdentityServer.csproj", "{EA14094F-FB55-5ABC-1402-B4229C4AD0B1}"
EndProject
Global
	GlobalSection(SolutionConfigurationPlatforms) = preSolution
		Debug|Any CPU = Debug|Any CPU
		Release|Any CPU = Release|Any CPU
	EndGlobalSection
	GlobalSection(ProjectConfigurationPlatforms) = postSolution
		{6BB8F7F2-96F7-4E5D-AF6C-1CACEFD5CCF4}.Debug|Any CPU.ActiveCfg = Debug|Any CPU
		{6BB8F7F2-96F7-4E5D-AF6C-1CACEFD5CCF4}.Debug|Any CPU.Build.0 = Debug|Any CPU
		{6BB8F7F2-96F7-4E5D-AF6C-1CACEFD5CCF4}.Release|Any CPU.ActiveCfg = Release|Any CPU
		{6BB8F7F2-96F7-4E5D-AF6C-1CACEFD5CCF4}.Release|Any CPU.Build.0 = Release|Any CPU
		{B69AE378-979B-465E-AC92-6009B3DFEF50}.Debug|Any CPU.ActiveCfg = Debug|Any CPU
		{B69AE378-979B-465E-AC92-6009B3DFEF50}.Debug|Any CPU.Build.0 = Debug|Any CPU
		{B69AE378-979B-465E-AC92-6009B3DFEF50}.Release|Any CPU.ActiveCfg = Release|Any CPU
		{B69AE378-979B-465E-AC92-6009B3DFEF50}.Release|Any CPU.Build.0 = Release|Any CPU
		{EC658DB1-9414-416A-86A5-BAAEB5AC92A9}.Debug|Any CPU.ActiveCfg = Debug|Any CPU
		{EC658DB1-9414-416A-86A5-BAAEB5AC92A9}.Debug|Any CPU.Build.0 = Debug|Any CPU
		{EC658DB1-9414-416A-86A5-BAAEB5AC92A9}.Release|Any CPU.ActiveCfg = Release|Any CPU
		{EC658DB1-9414-416A-86A5-BAAEB5AC92A9}.Release|Any CPU.Build.0 = Release|Any CPU
		{6009509D-5C3E-480D-9DD1-825DC7BCDF02}.Debug|Any CPU.ActiveCfg = Debug|Any CPU
		{6009509D-5C3E-480D-9DD1-825DC7BCDF02}.Debug|Any CPU.Build.0 = Debug|Any CPU
		{6009509D-5C3E-480D-9DD1-825DC7BCDF02}.Release|Any CPU.ActiveCfg = Release|Any CPU
		{6009509D-5C3E-480D-9DD1-825DC7BCDF02}.Release|Any CPU.Build.0 = Release|Any CPU
		{1A334BCF-DB5C-48B1-9B6E-20309D1831CD}.Debug|Any CPU.ActiveCfg = Debug|Any CPU
		{1A334BCF-DB5C-48B1-9B6E-20309D1831CD}.Debug|Any CPU.Build.0 = Debug|Any CPU
		{1A334BCF-DB5C-48B1-9B6E-20309D1831CD}.Release|Any CPU.ActiveCfg = Release|Any CPU
		{1A334BCF-DB5C-48B1-9B6E-20309D1831CD}.Release|Any CPU.Build.0 = Release|Any CPU
		{9CB353AB-3C70-43BE-8E81-66146F4F8B3A}.Debug|Any CPU.ActiveCfg = Debug|Any CPU
		{9CB353AB-3C70-43BE-8E81-66146F4F8B3A}.Debug|Any CPU.Build.0 = Debug|Any CPU
		{9CB353AB-3C70-43BE-8E81-66146F4F8B3A}.Release|Any CPU.ActiveCfg = Release|Any CPU
		{9CB353AB-3C70-43BE-8E81-66146F4F8B3A}.Release|Any CPU.Build.0 = Release|Any CPU
		{EA14094F-FB55-5ABC-1402-B4229C4AD0B1}.Debug|Any CPU.ActiveCfg = Debug|Any CPU
		{EA14094F-FB55-5ABC-1402-B4229C4AD0B1}.Debug|Any CPU.Build.0 = Debug|Any CPU
		{EA14094F-FB55-5ABC-1402-B4229C4AD0B1}.Release|Any CPU.ActiveCfg = Release|Any CPU
		{EA14094F-FB55-5ABC-1402-B4229C4AD0B1}.Release|Any CPU.Build.0 = Release|Any CPU
	EndGlobalSection
	GlobalSection(SolutionProperties) = preSolution
		HideSolutionNode = FALSE
	EndGlobalSection
	GlobalSection(NestedProjects) = preSolution
		{D233DEDB-0DB1-452B-B0D5-805C49876D05} = {02EA681E-C7D8-13C7-8484-4AC65E1B71E8}
		{6BB8F7F2-96F7-4E5D-AF6C-1CACEFD5CCF4} = {D233DEDB-0DB1-452B-B0D5-805C49876D05}
		{E6E55E2A-864A-4DD6-9C56-CCC34B2A77A5} = {02EA681E-C7D8-13C7-8484-4AC65E1B71E8}
		{B69AE378-979B-465E-AC92-6009B3DFEF50} = {E6E55E2A-864A-4DD6-9C56-CCC34B2A77A5}
		{2F29B31B-8575-48CC-8D89-94ACC53018BB} = {02EA681E-C7D8-13C7-8484-4AC65E1B71E8}
		{FAA76852-75F6-4AF2-93BC-16A52C53884B} = {2F29B31B-8575-48CC-8D89-94ACC53018BB}
		{9E2B83AF-5EFB-4AD4-B969-5B1A94581514} = {2F29B31B-8575-48CC-8D89-94ACC53018BB}
		{F0095B21-8908-4B3B-8FA2-4EB074C10B5D} = {2F29B31B-8575-48CC-8D89-94ACC53018BB}
		{EC658DB1-9414-416A-86A5-BAAEB5AC92A9} = {FAA76852-75F6-4AF2-93BC-16A52C53884B}
		{6009509D-5C3E-480D-9DD1-825DC7BCDF02} = {FAA76852-75F6-4AF2-93BC-16A52C53884B}
		{1A334BCF-DB5C-48B1-9B6E-20309D1831CD} = {9E2B83AF-5EFB-4AD4-B969-5B1A94581514}
		{9CB353AB-3C70-43BE-8E81-66146F4F8B3A} = {F0095B21-8908-4B3B-8FA2-4EB074C10B5D}
		{EA14094F-FB55-5ABC-1402-B4229C4AD0B1} = {5F9C308C-6A2C-46B2-80E0-872C37C712D8}
	EndGlobalSection
	GlobalSection(ExtensibilityGlobals) = postSolution
		SolutionGuid = {E0BBDFA8-F44E-4814-B7FE-7CFECA9B0E02}
	EndGlobalSection
EndGlobal
