
Microsoft Visual Studio Solution File, Format Version 12.00
# Visual Studio Version 18
VisualStudioVersion = 18.0.11222.15
MinimumVisualStudioVersion = 10.0.40219.1
Project("{2150E333-8FDC-42A3-9474-1A3956D46DE8}") = "Services", "Services", "{02EA681E-C7D8-13C7-8484-4AC65E1B71E8}"
EndProject
Project("{2150E333-8FDC-42A3-9474-1A3956D46DE8}") = "Catalog", "Catalog", "{D233DEDB-0DB1-452B-B0D5-805C49876D05}"
EndProject
Project("{FAE04EC0-301F-11D3-BF4B-00C04F79EFBC}") = "MultiShop.Catalog", "Services\Catalog\MultiShop.Catalog\MultiShop.Catalog.csproj", "{6BB8F7F2-96F7-4E5D-AF6C-1CACEFD5CCF4}"
EndProject
Project("{2150E333-8FDC-42A3-9474-1A3956D46DE8}") = "Discount", "Discount", "{E6E55E2A-864A-4DD6-9C56-CCC34B2A77A5}"
EndProject
Project("{FAE04EC0-301F-11D3-BF4B-00C04F79EFBC}") = "MultiShop.Discount", "Services\Discount\MultiShop.Discount\MultiShop.Discount.csproj", "{B69AE378-979B-465E-AC92-6009B3DFEF50}"
EndProject
Project("{2150E333-8FDC-42A3-9474-1A3956D46DE8}") = "Order", "Order", "{2F29B31B-8575-48CC-8D89-94ACC53018BB}"
EndProject
Project("{2150E333-8FDC-42A3-9474-1A3956D46DE8}") = "Core", "Core", "{FAA76852-75F6-4AF2-93BC-16A52C53884B}"
EndProject
Project("{2150E333-8FDC-42A3-9474-1A3956D46DE8}") = "Infrastructure", "Infrastructure", "{9E2B83AF-5EFB-4AD4-B969-5B1A94581514}"
EndProject
Project("{2150E333-8FDC-42A3-9474-1A3956D46DE8}") = "Presentation", "Presentation", "{F0095B21-8908-4B3B-8FA2-4EB074C10B5D}"
EndProject
Project("{FAE04EC0-301F-11D3-BF4B-00C04F79EFBC}") = "MultiShop.Order.Domain", "Services\Order\Core\MultiShop.Order.Domain\MultiShop.Order.Domain.csproj", "{EC658DB1-9414-416A-86A5-BAAEB5AC92A9}"
EndProject
Project("{FAE04EC0-301F-11D3-BF4B-00C04F79EFBC}") = "MultiShop.Order.Application", "Services\Order\Core\MultiShop.Order.Application\MultiShop.Order.Application.csproj", "{6009509D-5C3E-480D-9DD1-825DC7BCDF02}"
EndProject
Project("{FAE04EC0-301F-11D3-BF4B-00C04F79EFBC}") = "MultiShop.Order.Persistence", "Services\Order\Infrastructure\MultiShop.Order.Persistence\MultiShop.Order.Persistence.csproj", "{1A334BCF-DB5C-48B1-9B6E-20309D1831CD}"
EndProject
Project("{FAE04EC0-301F-11D3-BF4B-00C04F79EFBC}") = "MultiShop.Order.WebApi", "Services\Order\Presentation\MultiShop.Order.WebApi\MultiShop.Order.WebApi.csproj", "{9CB353AB-3C70-43BE-8E81-66146F4F8B3A}"
EndProject
Project("{2150E333-8FDC-42A3-9474-1A3956D46DE8}") = "IdentityServer", "IdentityServer", "{5F9C308C-6A2C-46B2-80E0-872C37C712D8}"
EndProject
Project("{FAE04EC0-301F-11D3-BF4B-00C04F79EFBC}") = "MultiShop.IdentityServer", "IdentityServer\MultiShop.IdentityServer\MultiShop.IdentityServer.csproj", "{EA14094F-FB55-5ABC-1402-B4229C4AD0B1}"
EndProject
Project("{2150E333-8FDC-42A3-9474-1A3956D46DE8}") = "Requirements", "Requirements", "{577850FC-24B8-4815-84A8-EAB2E6188E7A}"
	ProjectSection(SolutionItems) = preProject
		FeatureSlider.txt = FeatureSlider.txt
		OcelotCodeExample.txt = OcelotCodeExample.txt
		PortNumbers.txt = PortNumbers.txt
		UILoginIndexCodeExample.txt = UILoginIndexCodeExample.txt
	EndProjectSection
EndProject
Project("{2150E333-8FDC-42A3-9474-1A3956D46DE8}") = "Cargo", "Cargo", "{5AC5CB9E-D9C6-4142-8C94-30606A47A583}"
EndProject
Project("{2150E333-8FDC-42A3-9474-1A3956D46DE8}") = "Core", "Core", "{F44B34E5-9425-4D79-9930-4DA3458944B3}"
EndProject
Project("{2150E333-8FDC-42A3-9474-1A3956D46DE8}") = "Infrastructure", "Infrastructure", "{DFDE98BF-996C-4C01-B792-5C2FD352BFC3}"
EndProject
Project("{2150E333-8FDC-42A3-9474-1A3956D46DE8}") = "Presentation", "Presentation", "{C84B4C53-D1EE-402C-99D4-000DFDB67EB7}"
EndProject
Project("{FAE04EC0-301F-11D3-BF4B-00C04F79EFBC}") = "MultiShop.Cargo.WebApi", "Services\Cargo\Presentation\MultiShop.Cargo.WebApi\MultiShop.Cargo.WebApi.csproj", "{3B270304-FE2C-4905-9C1F-582E918A7AB7}"
EndProject
Project("{FAE04EC0-301F-11D3-BF4B-00C04F79EFBC}") = "MultiShop.Cargo.Persistence", "Services\Cargo\Infrastructure\MultiShop.Cargo.Persistence\MultiShop.Cargo.Persistence.csproj", "{5A7862F5-8611-4C41-9F90-38BCDD0C6EBE}"
EndProject
Project("{FAE04EC0-301F-11D3-BF4B-00C04F79EFBC}") = "MultiShop.Cargo.Application", "Services\Cargo\Core\MultiShop.Cargo.Application\MultiShop.Cargo.Application.csproj", "{6312EA08-A31C-4FC2-87B8-83DE4D2CBE53}"
EndProject
Project("{FAE04EC0-301F-11D3-BF4B-00C04F79EFBC}") = "MultiShop.Cargo.Domain", "Services\Cargo\Core\MultiShop.Cargo.Domain\MultiShop.Cargo.Domain.csproj", "{40AD7AE0-B55A-4A21-8A37-F190D0F2418E}"
EndProject
Project("{2150E333-8FDC-42A3-9474-1A3956D46DE8}") = "Basket", "Basket", "{E3B8917E-9FE0-4586-BAFF-06EF1BA7D71F}"
EndProject
Project("{FAE04EC0-301F-11D3-BF4B-00C04F79EFBC}") = "MultiShop.Basket", "Services\Basket\MultiShop.Basket\MultiShop.Basket.csproj", "{358B57CF-32DF-4D5E-B19E-A9273A1A4E84}"
EndProject
Project("{2150E333-8FDC-42A3-9474-1A3956D46DE8}") = "Frontends", "Frontends", "{3BAC18C2-5361-4166-846C-9E5FB268E626}"
EndProject
Project("{FAE04EC0-301F-11D3-BF4B-00C04F79EFBC}") = "MultiShop.WebUI", "Frontends\MultiShop.WebUI\MultiShop.WebUI.csproj", "{7F289D2A-CA34-4D92-858B-5E439E0C16FD}"
EndProject
Project("{FAE04EC0-301F-11D3-BF4B-00C04F79EFBC}") = "MultiShop.DtoLayer", "Frontends\MultiShop.DtoLayer\MultiShop.DtoLayer.csproj", "{3AB44698-CF1A-4B96-B33C-9DE7CAFBC0CB}"
EndProject
Project("{2150E333-8FDC-42A3-9474-1A3956D46DE8}") = "Comment", "Comment", "{77832FD6-0820-49F0-B18D-08EC6A89CFC2}"
EndProject
Project("{2150E333-8FDC-42A3-9474-1A3956D46DE8}") = "Core", "Core", "{122C1942-5D7B-411D-96F4-30276C43DB22}"
EndProject
Project("{2150E333-8FDC-42A3-9474-1A3956D46DE8}") = "Infrastructure", "Infrastructure", "{587C4399-7F9D-4F0A-B076-B9EA16CC96A0}"
EndProject
Project("{2150E333-8FDC-42A3-9474-1A3956D46DE8}") = "Presentation", "Presentation", "{AE77FB0E-41B0-4A5B-9C09-2F6FACAB7485}"
EndProject
Project("{FAE04EC0-301F-11D3-BF4B-00C04F79EFBC}") = "MultiShop.Comment.Domain", "Services\Comment\Core\MultiShop.Comment.Domain\MultiShop.Comment.Domain.csproj", "{D3E72613-30AE-428C-A373-1DE41EB67615}"
EndProject
Project("{FAE04EC0-301F-11D3-BF4B-00C04F79EFBC}") = "MultiShop.Comment.Application", "Services\Comment\Core\MultiShop.Comment.Application\MultiShop.Comment.Application.csproj", "{D85953F5-D8D9-4005-A11D-D8B08CA35F65}"
EndProject
Project("{FAE04EC0-301F-11D3-BF4B-00C04F79EFBC}") = "MultiShop.Comment.Persistence", "Services\Comment\Infrastructure\MultiShop.Comment.Persistence\MultiShop.Comment.Persistence.csproj", "{1CA73B5C-8DB1-4413-8DE8-3F9064F78BCC}"
EndProject
Project("{FAE04EC0-301F-11D3-BF4B-00C04F79EFBC}") = "MultiShop.Comment.WebApi", "Services\Comment\Presentation\MultiShop.Comment.WebApi\MultiShop.Comment.WebApi.csproj", "{71FDD6A4-0D04-4C64-8FCF-FD1B7221E503}"
EndProject
Project("{2150E333-8FDC-42A3-9474-1A3956D46DE8}") = "ApiGateway", "ApiGateway", "{10F1F3EC-F8F8-4134-8367-6E50AB985833}"
EndProject
Project("{2150E333-8FDC-42A3-9474-1A3956D46DE8}") = "RapidApi", "RapidApi", "{B93FCE17-ABB6-489E-8DE5-3805C3442D49}"
EndProject
Project("{FAE04EC0-301F-11D3-BF4B-00C04F79EFBC}") = "MultiShop.OcelotGateway", "ApiGateway\MultiShop.OcelotGateway\MultiShop.OcelotGateway.csproj", "{0D867ED8-D0BB-4916-A212-EE5DCDA9A873}"
EndProject
Project("{2150E333-8FDC-42A3-9474-1A3956D46DE8}") = "Payment", "Payment", "{2C42D18C-CED8-42E4-B44D-8423A9218573}"
EndProject
Project("{FAE04EC0-301F-11D3-BF4B-00C04F79EFBC}") = "MultiShop.Payment", "Services\MultiShop.Payment\MultiShop.Payment.csproj", "{2D5445F5-9475-4CD9-8EC1-9D30774895BC}"
EndProject
Project("{2150E333-8FDC-42A3-9474-1A3956D46DE8}") = "Images", "Images", "{D84F59BA-7EAA-49E6-8D5A-F53FC79A8A2F}"
EndProject
Project("{FAE04EC0-301F-11D3-BF4B-00C04F79EFBC}") = "MultiShop.Images", "Services\MultiShop.Images\MultiShop.Images.csproj", "{9F64E976-5D6D-4767-B95D-2BD590166A74}"
EndProject
Project("{2150E333-8FDC-42A3-9474-1A3956D46DE8}") = "Message", "Message", "{562C88D4-7AF7-4364-8871-261B8E652C2D}"
EndProject
Project("{FAE04EC0-301F-11D3-BF4B-00C04F79EFBC}") = "MultiShop.Message", "Services\Message\MultiShop.Message\MultiShop.Message.csproj", "{D658C244-CDC1-42D0-9F41-6DBB1CB8EC36}"
EndProject
Global
	GlobalSection(SolutionConfigurationPlatforms) = preSolution
		Debug|Any CPU = Debug|Any CPU
		Release|Any CPU = Release|Any CPU
	EndGlobalSection
	GlobalSection(ProjectConfigurationPlatforms) = postSolution
		{6BB8F7F2-96F7-4E5D-AF6C-1CACEFD5CCF4}.Debug|Any CPU.ActiveCfg = Debug|Any CPU
		{6BB8F7F2-96F7-4E5D-AF6C-1CACEFD5CCF4}.Debug|Any CPU.Build.0 = Debug|Any CPU
		{6BB8F7F2-96F7-4E5D-AF6C-1CACEFD5CCF4}.Release|Any CPU.ActiveCfg = Release|Any CPU
		{6BB8F7F2-96F7-4E5D-AF6C-1CACEFD5CCF4}.Release|Any CPU.Build.0 = Release|Any CPU
		{B69AE378-979B-465E-AC92-6009B3DFEF50}.Debug|Any CPU.ActiveCfg = Debug|Any CPU
		{B69AE378-979B-465E-AC92-6009B3DFEF50}.Debug|Any CPU.Build.0 = Debug|Any CPU
		{B69AE378-979B-465E-AC92-6009B3DFEF50}.Release|Any CPU.ActiveCfg = Release|Any CPU
		{B69AE378-979B-465E-AC92-6009B3DFEF50}.Release|Any CPU.Build.0 = Release|Any CPU
		{EC658DB1-9414-416A-86A5-BAAEB5AC92A9}.Debug|Any CPU.ActiveCfg = Debug|Any CPU
		{EC658DB1-9414-416A-86A5-BAAEB5AC92A9}.Debug|Any CPU.Build.0 = Debug|Any CPU
		{EC658DB1-9414-416A-86A5-BAAEB5AC92A9}.Release|Any CPU.ActiveCfg = Release|Any CPU
		{EC658DB1-9414-416A-86A5-BAAEB5AC92A9}.Release|Any CPU.Build.0 = Release|Any CPU
		{6009509D-5C3E-480D-9DD1-825DC7BCDF02}.Debug|Any CPU.ActiveCfg = Debug|Any CPU
		{6009509D-5C3E-480D-9DD1-825DC7BCDF02}.Debug|Any CPU.Build.0 = Debug|Any CPU
		{6009509D-5C3E-480D-9DD1-825DC7BCDF02}.Release|Any CPU.ActiveCfg = Release|Any CPU
		{6009509D-5C3E-480D-9DD1-825DC7BCDF02}.Release|Any CPU.Build.0 = Release|Any CPU
		{1A334BCF-DB5C-48B1-9B6E-20309D1831CD}.Debug|Any CPU.ActiveCfg = Debug|Any CPU
		{1A334BCF-DB5C-48B1-9B6E-20309D1831CD}.Debug|Any CPU.Build.0 = Debug|Any CPU
		{1A334BCF-DB5C-48B1-9B6E-20309D1831CD}.Release|Any CPU.ActiveCfg = Release|Any CPU
		{1A334BCF-DB5C-48B1-9B6E-20309D1831CD}.Release|Any CPU.Build.0 = Release|Any CPU
		{9CB353AB-3C70-43BE-8E81-66146F4F8B3A}.Debug|Any CPU.ActiveCfg = Debug|Any CPU
		{9CB353AB-3C70-43BE-8E81-66146F4F8B3A}.Debug|Any CPU.Build.0 = Debug|Any CPU
		{9CB353AB-3C70-43BE-8E81-66146F4F8B3A}.Release|Any CPU.ActiveCfg = Release|Any CPU
		{9CB353AB-3C70-43BE-8E81-66146F4F8B3A}.Release|Any CPU.Build.0 = Release|Any CPU
		{EA14094F-FB55-5ABC-1402-B4229C4AD0B1}.Debug|Any CPU.ActiveCfg = Debug|Any CPU
		{EA14094F-FB55-5ABC-1402-B4229C4AD0B1}.Debug|Any CPU.Build.0 = Debug|Any CPU
		{EA14094F-FB55-5ABC-1402-B4229C4AD0B1}.Release|Any CPU.ActiveCfg = Release|Any CPU
		{EA14094F-FB55-5ABC-1402-B4229C4AD0B1}.Release|Any CPU.Build.0 = Release|Any CPU
		{3B270304-FE2C-4905-9C1F-582E918A7AB7}.Debug|Any CPU.ActiveCfg = Debug|Any CPU
		{3B270304-FE2C-4905-9C1F-582E918A7AB7}.Debug|Any CPU.Build.0 = Debug|Any CPU
		{3B270304-FE2C-4905-9C1F-582E918A7AB7}.Release|Any CPU.ActiveCfg = Release|Any CPU
		{3B270304-FE2C-4905-9C1F-582E918A7AB7}.Release|Any CPU.Build.0 = Release|Any CPU
		{5A7862F5-8611-4C41-9F90-38BCDD0C6EBE}.Debug|Any CPU.ActiveCfg = Debug|Any CPU
		{5A7862F5-8611-4C41-9F90-38BCDD0C6EBE}.Debug|Any CPU.Build.0 = Debug|Any CPU
		{5A7862F5-8611-4C41-9F90-38BCDD0C6EBE}.Release|Any CPU.ActiveCfg = Release|Any CPU
		{5A7862F5-8611-4C41-9F90-38BCDD0C6EBE}.Release|Any CPU.Build.0 = Release|Any CPU
		{6312EA08-A31C-4FC2-87B8-83DE4D2CBE53}.Debug|Any CPU.ActiveCfg = Debug|Any CPU
		{6312EA08-A31C-4FC2-87B8-83DE4D2CBE53}.Debug|Any CPU.Build.0 = Debug|Any CPU
		{6312EA08-A31C-4FC2-87B8-83DE4D2CBE53}.Release|Any CPU.ActiveCfg = Release|Any CPU
		{6312EA08-A31C-4FC2-87B8-83DE4D2CBE53}.Release|Any CPU.Build.0 = Release|Any CPU
		{40AD7AE0-B55A-4A21-8A37-F190D0F2418E}.Debug|Any CPU.ActiveCfg = Debug|Any CPU
		{40AD7AE0-B55A-4A21-8A37-F190D0F2418E}.Debug|Any CPU.Build.0 = Debug|Any CPU
		{40AD7AE0-B55A-4A21-8A37-F190D0F2418E}.Release|Any CPU.ActiveCfg = Release|Any CPU
		{40AD7AE0-B55A-4A21-8A37-F190D0F2418E}.Release|Any CPU.Build.0 = Release|Any CPU
		{358B57CF-32DF-4D5E-B19E-A9273A1A4E84}.Debug|Any CPU.ActiveCfg = Debug|Any CPU
		{358B57CF-32DF-4D5E-B19E-A9273A1A4E84}.Debug|Any CPU.Build.0 = Debug|Any CPU
		{358B57CF-32DF-4D5E-B19E-A9273A1A4E84}.Release|Any CPU.ActiveCfg = Release|Any CPU
		{358B57CF-32DF-4D5E-B19E-A9273A1A4E84}.Release|Any CPU.Build.0 = Release|Any CPU
		{7F289D2A-CA34-4D92-858B-5E439E0C16FD}.Debug|Any CPU.ActiveCfg = Debug|Any CPU
		{7F289D2A-CA34-4D92-858B-5E439E0C16FD}.Debug|Any CPU.Build.0 = Debug|Any CPU
		{7F289D2A-CA34-4D92-858B-5E439E0C16FD}.Release|Any CPU.ActiveCfg = Release|Any CPU
		{7F289D2A-CA34-4D92-858B-5E439E0C16FD}.Release|Any CPU.Build.0 = Release|Any CPU
		{3AB44698-CF1A-4B96-B33C-9DE7CAFBC0CB}.Debug|Any CPU.ActiveCfg = Debug|Any CPU
		{3AB44698-CF1A-4B96-B33C-9DE7CAFBC0CB}.Debug|Any CPU.Build.0 = Debug|Any CPU
		{3AB44698-CF1A-4B96-B33C-9DE7CAFBC0CB}.Release|Any CPU.ActiveCfg = Release|Any CPU
		{3AB44698-CF1A-4B96-B33C-9DE7CAFBC0CB}.Release|Any CPU.Build.0 = Release|Any CPU
		{D3E72613-30AE-428C-A373-1DE41EB67615}.Debug|Any CPU.ActiveCfg = Debug|Any CPU
		{D3E72613-30AE-428C-A373-1DE41EB67615}.Debug|Any CPU.Build.0 = Debug|Any CPU
		{D3E72613-30AE-428C-A373-1DE41EB67615}.Release|Any CPU.ActiveCfg = Release|Any CPU
		{D3E72613-30AE-428C-A373-1DE41EB67615}.Release|Any CPU.Build.0 = Release|Any CPU
		{D85953F5-D8D9-4005-A11D-D8B08CA35F65}.Debug|Any CPU.ActiveCfg = Debug|Any CPU
		{D85953F5-D8D9-4005-A11D-D8B08CA35F65}.Debug|Any CPU.Build.0 = Debug|Any CPU
		{D85953F5-D8D9-4005-A11D-D8B08CA35F65}.Release|Any CPU.ActiveCfg = Release|Any CPU
		{D85953F5-D8D9-4005-A11D-D8B08CA35F65}.Release|Any CPU.Build.0 = Release|Any CPU
		{1CA73B5C-8DB1-4413-8DE8-3F9064F78BCC}.Debug|Any CPU.ActiveCfg = Debug|Any CPU
		{1CA73B5C-8DB1-4413-8DE8-3F9064F78BCC}.Debug|Any CPU.Build.0 = Debug|Any CPU
		{1CA73B5C-8DB1-4413-8DE8-3F9064F78BCC}.Release|Any CPU.ActiveCfg = Release|Any CPU
		{1CA73B5C-8DB1-4413-8DE8-3F9064F78BCC}.Release|Any CPU.Build.0 = Release|Any CPU
		{71FDD6A4-0D04-4C64-8FCF-FD1B7221E503}.Debug|Any CPU.ActiveCfg = Debug|Any CPU
		{71FDD6A4-0D04-4C64-8FCF-FD1B7221E503}.Debug|Any CPU.Build.0 = Debug|Any CPU
		{71FDD6A4-0D04-4C64-8FCF-FD1B7221E503}.Release|Any CPU.ActiveCfg = Release|Any CPU
		{71FDD6A4-0D04-4C64-8FCF-FD1B7221E503}.Release|Any CPU.Build.0 = Release|Any CPU
		{0D867ED8-D0BB-4916-A212-EE5DCDA9A873}.Debug|Any CPU.ActiveCfg = Debug|Any CPU
		{0D867ED8-D0BB-4916-A212-EE5DCDA9A873}.Debug|Any CPU.Build.0 = Debug|Any CPU
		{0D867ED8-D0BB-4916-A212-EE5DCDA9A873}.Release|Any CPU.ActiveCfg = Release|Any CPU
		{0D867ED8-D0BB-4916-A212-EE5DCDA9A873}.Release|Any CPU.Build.0 = Release|Any CPU
		{2D5445F5-9475-4CD9-8EC1-9D30774895BC}.Debug|Any CPU.ActiveCfg = Debug|Any CPU
		{2D5445F5-9475-4CD9-8EC1-9D30774895BC}.Debug|Any CPU.Build.0 = Debug|Any CPU
		{2D5445F5-9475-4CD9-8EC1-9D30774895BC}.Release|Any CPU.ActiveCfg = Release|Any CPU
		{2D5445F5-9475-4CD9-8EC1-9D30774895BC}.Release|Any CPU.Build.0 = Release|Any CPU
		{9F64E976-5D6D-4767-B95D-2BD590166A74}.Debug|Any CPU.ActiveCfg = Debug|Any CPU
		{9F64E976-5D6D-4767-B95D-2BD590166A74}.Debug|Any CPU.Build.0 = Debug|Any CPU
		{9F64E976-5D6D-4767-B95D-2BD590166A74}.Release|Any CPU.ActiveCfg = Release|Any CPU
		{9F64E976-5D6D-4767-B95D-2BD590166A74}.Release|Any CPU.Build.0 = Release|Any CPU
		{D658C244-CDC1-42D0-9F41-6DBB1CB8EC36}.Debug|Any CPU.ActiveCfg = Debug|Any CPU
		{D658C244-CDC1-42D0-9F41-6DBB1CB8EC36}.Debug|Any CPU.Build.0 = Debug|Any CPU
		{D658C244-CDC1-42D0-9F41-6DBB1CB8EC36}.Release|Any CPU.ActiveCfg = Release|Any CPU
		{D658C244-CDC1-42D0-9F41-6DBB1CB8EC36}.Release|Any CPU.Build.0 = Release|Any CPU
	EndGlobalSection
	GlobalSection(SolutionProperties) = preSolution
		HideSolutionNode = FALSE
	EndGlobalSection
	GlobalSection(NestedProjects) = preSolution
		{D233DEDB-0DB1-452B-B0D5-805C49876D05} = {02EA681E-C7D8-13C7-8484-4AC65E1B71E8}
		{6BB8F7F2-96F7-4E5D-AF6C-1CACEFD5CCF4} = {D233DEDB-0DB1-452B-B0D5-805C49876D05}
		{E6E55E2A-864A-4DD6-9C56-CCC34B2A77A5} = {02EA681E-C7D8-13C7-8484-4AC65E1B71E8}
		{B69AE378-979B-465E-AC92-6009B3DFEF50} = {E6E55E2A-864A-4DD6-9C56-CCC34B2A77A5}
		{2F29B31B-8575-48CC-8D89-94ACC53018BB} = {02EA681E-C7D8-13C7-8484-4AC65E1B71E8}
		{FAA76852-75F6-4AF2-93BC-16A52C53884B} = {2F29B31B-8575-48CC-8D89-94ACC53018BB}
		{9E2B83AF-5EFB-4AD4-B969-5B1A94581514} = {2F29B31B-8575-48CC-8D89-94ACC53018BB}
		{F0095B21-8908-4B3B-8FA2-4EB074C10B5D} = {2F29B31B-8575-48CC-8D89-94ACC53018BB}
		{EC658DB1-9414-416A-86A5-BAAEB5AC92A9} = {FAA76852-75F6-4AF2-93BC-16A52C53884B}
		{6009509D-5C3E-480D-9DD1-825DC7BCDF02} = {FAA76852-75F6-4AF2-93BC-16A52C53884B}
		{1A334BCF-DB5C-48B1-9B6E-20309D1831CD} = {9E2B83AF-5EFB-4AD4-B969-5B1A94581514}
		{9CB353AB-3C70-43BE-8E81-66146F4F8B3A} = {F0095B21-8908-4B3B-8FA2-4EB074C10B5D}
		{EA14094F-FB55-5ABC-1402-B4229C4AD0B1} = {5F9C308C-6A2C-46B2-80E0-872C37C712D8}
		{5AC5CB9E-D9C6-4142-8C94-30606A47A583} = {02EA681E-C7D8-13C7-8484-4AC65E1B71E8}
		{F44B34E5-9425-4D79-9930-4DA3458944B3} = {5AC5CB9E-D9C6-4142-8C94-30606A47A583}
		{DFDE98BF-996C-4C01-B792-5C2FD352BFC3} = {5AC5CB9E-D9C6-4142-8C94-30606A47A583}
		{C84B4C53-D1EE-402C-99D4-000DFDB67EB7} = {5AC5CB9E-D9C6-4142-8C94-30606A47A583}
		{3B270304-FE2C-4905-9C1F-582E918A7AB7} = {C84B4C53-D1EE-402C-99D4-000DFDB67EB7}
		{5A7862F5-8611-4C41-9F90-38BCDD0C6EBE} = {DFDE98BF-996C-4C01-B792-5C2FD352BFC3}
		{6312EA08-A31C-4FC2-87B8-83DE4D2CBE53} = {F44B34E5-9425-4D79-9930-4DA3458944B3}
		{40AD7AE0-B55A-4A21-8A37-F190D0F2418E} = {F44B34E5-9425-4D79-9930-4DA3458944B3}
		{E3B8917E-9FE0-4586-BAFF-06EF1BA7D71F} = {02EA681E-C7D8-13C7-8484-4AC65E1B71E8}
		{358B57CF-32DF-4D5E-B19E-A9273A1A4E84} = {E3B8917E-9FE0-4586-BAFF-06EF1BA7D71F}
		{7F289D2A-CA34-4D92-858B-5E439E0C16FD} = {3BAC18C2-5361-4166-846C-9E5FB268E626}
		{3AB44698-CF1A-4B96-B33C-9DE7CAFBC0CB} = {3BAC18C2-5361-4166-846C-9E5FB268E626}
		{77832FD6-0820-49F0-B18D-08EC6A89CFC2} = {02EA681E-C7D8-13C7-8484-4AC65E1B71E8}
		{122C1942-5D7B-411D-96F4-30276C43DB22} = {77832FD6-0820-49F0-B18D-08EC6A89CFC2}
		{587C4399-7F9D-4F0A-B076-B9EA16CC96A0} = {77832FD6-0820-49F0-B18D-08EC6A89CFC2}
		{AE77FB0E-41B0-4A5B-9C09-2F6FACAB7485} = {77832FD6-0820-49F0-B18D-08EC6A89CFC2}
		{D3E72613-30AE-428C-A373-1DE41EB67615} = {122C1942-5D7B-411D-96F4-30276C43DB22}
		{D85953F5-D8D9-4005-A11D-D8B08CA35F65} = {122C1942-5D7B-411D-96F4-30276C43DB22}
		{1CA73B5C-8DB1-4413-8DE8-3F9064F78BCC} = {587C4399-7F9D-4F0A-B076-B9EA16CC96A0}
		{71FDD6A4-0D04-4C64-8FCF-FD1B7221E503} = {AE77FB0E-41B0-4A5B-9C09-2F6FACAB7485}
		{0D867ED8-D0BB-4916-A212-EE5DCDA9A873} = {10F1F3EC-F8F8-4134-8367-6E50AB985833}
		{2C42D18C-CED8-42E4-B44D-8423A9218573} = {02EA681E-C7D8-13C7-8484-4AC65E1B71E8}
		{2D5445F5-9475-4CD9-8EC1-9D30774895BC} = {2C42D18C-CED8-42E4-B44D-8423A9218573}
		{D84F59BA-7EAA-49E6-8D5A-F53FC79A8A2F} = {02EA681E-C7D8-13C7-8484-4AC65E1B71E8}
		{9F64E976-5D6D-4767-B95D-2BD590166A74} = {D84F59BA-7EAA-49E6-8D5A-F53FC79A8A2F}
		{562C88D4-7AF7-4364-8871-261B8E652C2D} = {02EA681E-C7D8-13C7-8484-4AC65E1B71E8}
		{D658C244-CDC1-42D0-9F41-6DBB1CB8EC36} = {562C88D4-7AF7-4364-8871-261B8E652C2D}
	EndGlobalSection
	GlobalSection(ExtensibilityGlobals) = postSolution
		SolutionGuid = {E0BBDFA8-F44E-4814-B7FE-7CFECA9B0E02}
	EndGlobalSection
EndGlobal
